
Microsoft Visual Studio Solution File, Format Version 12.00
# Visual Studio Version 16
VisualStudioVersion = 16.0.30011.22
MinimumVisualStudioVersion = 10.0.40219.1
Project("{9A19103F-16F7-4668-BE54-9A1E7A4F7556}") = "CurrencyConverter", "CurrencyConverter\CurrencyConverter.csproj", "{F78CA9A9-F4CD-49D5-9D17-125918215884}"
EndProject
Project("{FAE04EC0-301F-11D3-BF4B-00C04F79EFBC}") = "CurrencyConverter.Domain", "CurrencyConverter.Domain\CurrencyConverter.Domain.csproj", "{2BFB9B22-42F0-484E-AB94-8C5FD1A94E0D}"
EndProject
Global
	GlobalSection(SolutionConfigurationPlatforms) = preSolution
		Debug|Any CPU = Debug|Any CPU
		Release|Any CPU = Release|Any CPU
	EndGlobalSection
	GlobalSection(ProjectConfigurationPlatforms) = postSolution
		{F78CA9A9-F4CD-49D5-9D17-125918215884}.Debug|Any CPU.ActiveCfg = Debug|Any CPU
		{F78CA9A9-F4CD-49D5-9D17-125918215884}.Debug|Any CPU.Build.0 = Debug|Any CPU
		{F78CA9A9-F4CD-49D5-9D17-125918215884}.Release|Any CPU.ActiveCfg = Release|Any CPU
		{F78CA9A9-F4CD-49D5-9D17-125918215884}.Release|Any CPU.Build.0 = Release|Any CPU
		{2BFB9B22-42F0-484E-AB94-8C5FD1A94E0D}.Debug|Any CPU.ActiveCfg = Debug|Any CPU
		{2BFB9B22-42F0-484E-AB94-8C5FD1A94E0D}.Debug|Any CPU.Build.0 = Debug|Any CPU
		{2BFB9B22-42F0-484E-AB94-8C5FD1A94E0D}.Release|Any CPU.ActiveCfg = Release|Any CPU
		{2BFB9B22-42F0-484E-AB94-8C5FD1A94E0D}.Release|Any CPU.Build.0 = Release|Any CPU
	EndGlobalSection
	GlobalSection(SolutionProperties) = preSolution
		HideSolutionNode = FALSE
	EndGlobalSection
	GlobalSection(ExtensibilityGlobals) = postSolution
		SolutionGuid = {678AF052-A7AB-4948-BA1B-BF407DA22DC9}
	EndGlobalSection
EndGlobal
